
Microsoft Visual Studio Solution File, Format Version 12.00
# Visual Studio Version 17
VisualStudioVersion = 17.6.33815.320
MinimumVisualStudioVersion = 10.0.40219.1
Project("{FAE04EC0-301F-11D3-BF4B-00C04F79EFBC}") = "Assignment", "Assignment\Assignment.csproj", "{9726CC33-F795-4411-91D4-50750FD77BA6}"
EndProject
Global
	GlobalSection(SolutionConfigurationPlatforms) = preSolution
		Debug|Any CPU = Debug|Any CPU
		Release|Any CPU = Release|Any CPU
	EndGlobalSection
	GlobalSection(ProjectConfigurationPlatforms) = postSolution
		{9726CC33-F795-4411-91D4-50750FD77BA6}.Debug|Any CPU.ActiveCfg = Debug|Any CPU
		{9726CC33-F795-4411-91D4-50750FD77BA6}.Debug|Any CPU.Build.0 = Debug|Any CPU
		{9726CC33-F795-4411-91D4-50750FD77BA6}.Release|Any CPU.ActiveCfg = Release|Any CPU
		{9726CC33-F795-4411-91D4-50750FD77BA6}.Release|Any CPU.Build.0 = Release|Any CPU
	EndGlobalSection
	GlobalSection(SolutionProperties) = preSolution
		HideSolutionNode = FALSE
	EndGlobalSection
	GlobalSection(ExtensibilityGlobals) = postSolution
		SolutionGuid = {F4EDDE4D-E95E-4F43-923F-ED5FD5DD1A01}
	EndGlobalSection
EndGlobal
